
Microsoft Visual Studio Solution File, Format Version 12.00
# Visual Studio Version 17
VisualStudioVersion = 17.4.33213.308
MinimumVisualStudioVersion = 10.0.40219.1
Project("{FAE04EC0-301F-11D3-BF4B-00C04F79EFBC}") = "EsiniBul", "EsiniBul\EsiniBul.csproj", "{A02B6389-BC18-41C7-9090-297F474EFF20}"
EndProject
Global
	GlobalSection(SolutionConfigurationPlatforms) = preSolution
		Debug|Any CPU = Debug|Any CPU
		Release|Any CPU = Release|Any CPU
	EndGlobalSection
	GlobalSection(ProjectConfigurationPlatforms) = postSolution
		{A02B6389-BC18-41C7-9090-297F474EFF20}.Debug|Any CPU.ActiveCfg = Debug|Any CPU
		{A02B6389-BC18-41C7-9090-297F474EFF20}.Debug|Any CPU.Build.0 = Debug|Any CPU
		{A02B6389-BC18-41C7-9090-297F474EFF20}.Release|Any CPU.ActiveCfg = Release|Any CPU
		{A02B6389-BC18-41C7-9090-297F474EFF20}.Release|Any CPU.Build.0 = Release|Any CPU
	EndGlobalSection
	GlobalSection(SolutionProperties) = preSolution
		HideSolutionNode = FALSE
	EndGlobalSection
	GlobalSection(ExtensibilityGlobals) = postSolution
		SolutionGuid = {C21EB370-A12A-422E-AFDB-A379090C6F6C}
	EndGlobalSection
EndGlobal
